
Microsoft Visual Studio Solution File, Format Version 12.00
# Visual Studio Version 16
VisualStudioVersion = 16.0.29020.237
MinimumVisualStudioVersion = 10.0.40219.1
Project("{9A19103F-16F7-4668-BE54-9A1E7A4F7556}") = "AspWinService", "AspWinService\AspWinService.csproj", "{FBCC77D5-CF3C-47A7-86E1-D24E1240311A}"
EndProject
Project("{9A19103F-16F7-4668-BE54-9A1E7A4F7556}") = "AspWinServiceClient", "AspWinServiceClient\AspWinServiceClient.csproj", "{985D6548-C7D4-450D-930C-13E47E8B9DE9}"
EndProject
Project("{FAE04EC0-301F-11D3-BF4B-00C04F79EFBC}") = "ServiceSetup", "ServiceSetup\ServiceSetup.csproj", "{2FD7F13A-6B23-46CC-BE12-7FC7189FED62}"
EndProject
Project("{2150E333-8FDC-42A3-9474-1A3956D46DE8}") = "Solution Items", "Solution Items", "{121E0E0D-2D5F-45DE-AA85-66B92FF27CC1}"
	ProjectSection(SolutionItems) = preProject
		Readme.txt = Readme.txt
	EndProjectSection
EndProject
Global
	GlobalSection(SolutionConfigurationPlatforms) = preSolution
		Debug|Any CPU = Debug|Any CPU
		Release|Any CPU = Release|Any CPU
	EndGlobalSection
	GlobalSection(ProjectConfigurationPlatforms) = postSolution
		{FBCC77D5-CF3C-47A7-86E1-D24E1240311A}.Debug|Any CPU.ActiveCfg = Debug|Any CPU
		{FBCC77D5-CF3C-47A7-86E1-D24E1240311A}.Debug|Any CPU.Build.0 = Debug|Any CPU
		{FBCC77D5-CF3C-47A7-86E1-D24E1240311A}.Release|Any CPU.ActiveCfg = Release|Any CPU
		{FBCC77D5-CF3C-47A7-86E1-D24E1240311A}.Release|Any CPU.Build.0 = Release|Any CPU
		{985D6548-C7D4-450D-930C-13E47E8B9DE9}.Debug|Any CPU.ActiveCfg = Debug|Any CPU
		{985D6548-C7D4-450D-930C-13E47E8B9DE9}.Debug|Any CPU.Build.0 = Debug|Any CPU
		{985D6548-C7D4-450D-930C-13E47E8B9DE9}.Release|Any CPU.ActiveCfg = Release|Any CPU
		{985D6548-C7D4-450D-930C-13E47E8B9DE9}.Release|Any CPU.Build.0 = Release|Any CPU
		{2FD7F13A-6B23-46CC-BE12-7FC7189FED62}.Debug|Any CPU.ActiveCfg = Debug|Any CPU
		{2FD7F13A-6B23-46CC-BE12-7FC7189FED62}.Debug|Any CPU.Build.0 = Debug|Any CPU
		{2FD7F13A-6B23-46CC-BE12-7FC7189FED62}.Release|Any CPU.ActiveCfg = Release|Any CPU
		{2FD7F13A-6B23-46CC-BE12-7FC7189FED62}.Release|Any CPU.Build.0 = Release|Any CPU
	EndGlobalSection
	GlobalSection(SolutionProperties) = preSolution
		HideSolutionNode = FALSE
	EndGlobalSection
	GlobalSection(ExtensibilityGlobals) = postSolution
		SolutionGuid = {731806B3-2E2F-4676-8034-B5644DDC2DD3}
	EndGlobalSection
EndGlobal
